
Microsoft Visual Studio Solution File, Format Version 12.00
# Visual Studio 15
VisualStudioVersion = 15.0.28010.2026
MinimumVisualStudioVersion = 10.0.40219.1
Project("{9A19103F-16F7-4668-BE54-9A1E7A4F7556}") = "KISSBanking.ConsoleApp", "KISSBanking.ConsoleApp\KISSBanking.ConsoleApp.csproj", "{1AA4DF23-63A1-4512-BA37-E4C17613A03A}"
EndProject
Global
	GlobalSection(SolutionConfigurationPlatforms) = preSolution
		Debug|Any CPU = Debug|Any CPU
		Release|Any CPU = Release|Any CPU
	EndGlobalSection
	GlobalSection(ProjectConfigurationPlatforms) = postSolution
		{1AA4DF23-63A1-4512-BA37-E4C17613A03A}.Debug|Any CPU.ActiveCfg = Debug|Any CPU
		{1AA4DF23-63A1-4512-BA37-E4C17613A03A}.Debug|Any CPU.Build.0 = Debug|Any CPU
		{1AA4DF23-63A1-4512-BA37-E4C17613A03A}.Release|Any CPU.ActiveCfg = Release|Any CPU
		{1AA4DF23-63A1-4512-BA37-E4C17613A03A}.Release|Any CPU.Build.0 = Release|Any CPU
	EndGlobalSection
	GlobalSection(SolutionProperties) = preSolution
		HideSolutionNode = FALSE
	EndGlobalSection
	GlobalSection(ExtensibilityGlobals) = postSolution
		SolutionGuid = {0AFED2B3-C73A-417F-B41A-CF69C56AFE9D}
	EndGlobalSection
EndGlobal
